
Microsoft Visual Studio Solution File, Format Version 12.00
# Visual Studio Version 17
VisualStudioVersion = 17.7.34031.279
MinimumVisualStudioVersion = 10.0.40219.1
Project("{8BC9CEB8-8B4A-11D0-8D11-00A0C91BC942}") = "1.1gg", "1.1gg.vcxproj", "{BBCFA666-A471-4C10-A6B6-5BCC8588C485}"
EndProject
Project("{8BC9CEB8-8B4A-11D0-8D11-00A0C91BC942}") = "UnitTest1", "..\UnitTest1\UnitTest1.vcxproj", "{5B9D9B57-5F38-4124-B26A-491080B6F2AF}"
EndProject
Global
	GlobalSection(SolutionConfigurationPlatforms) = preSolution
		Debug|x64 = Debug|x64
		Debug|x86 = Debug|x86
		Release|x64 = Release|x64
		Release|x86 = Release|x86
	EndGlobalSection
	GlobalSection(ProjectConfigurationPlatforms) = postSolution
		{BBCFA666-A471-4C10-A6B6-5BCC8588C485}.Debug|x64.ActiveCfg = Debug|x64
		{BBCFA666-A471-4C10-A6B6-5BCC8588C485}.Debug|x64.Build.0 = Debug|x64
		{BBCFA666-A471-4C10-A6B6-5BCC8588C485}.Debug|x86.ActiveCfg = Debug|Win32
		{BBCFA666-A471-4C10-A6B6-5BCC8588C485}.Debug|x86.Build.0 = Debug|Win32
		{BBCFA666-A471-4C10-A6B6-5BCC8588C485}.Release|x64.ActiveCfg = Release|x64
		{BBCFA666-A471-4C10-A6B6-5BCC8588C485}.Release|x64.Build.0 = Release|x64
		{BBCFA666-A471-4C10-A6B6-5BCC8588C485}.Release|x86.ActiveCfg = Release|Win32
		{BBCFA666-A471-4C10-A6B6-5BCC8588C485}.Release|x86.Build.0 = Release|Win32
		{5B9D9B57-5F38-4124-B26A-491080B6F2AF}.Debug|x64.ActiveCfg = Debug|x64
		{5B9D9B57-5F38-4124-B26A-491080B6F2AF}.Debug|x64.Build.0 = Debug|x64
		{5B9D9B57-5F38-4124-B26A-491080B6F2AF}.Debug|x86.ActiveCfg = Debug|Win32
		{5B9D9B57-5F38-4124-B26A-491080B6F2AF}.Debug|x86.Build.0 = Debug|Win32
		{5B9D9B57-5F38-4124-B26A-491080B6F2AF}.Release|x64.ActiveCfg = Release|x64
		{5B9D9B57-5F38-4124-B26A-491080B6F2AF}.Release|x64.Build.0 = Release|x64
		{5B9D9B57-5F38-4124-B26A-491080B6F2AF}.Release|x86.ActiveCfg = Release|Win32
		{5B9D9B57-5F38-4124-B26A-491080B6F2AF}.Release|x86.Build.0 = Release|Win32
	EndGlobalSection
	GlobalSection(SolutionProperties) = preSolution
		HideSolutionNode = FALSE
	EndGlobalSection
	GlobalSection(ExtensibilityGlobals) = postSolution
		SolutionGuid = {5B79E126-F41B-426D-A864-E5EC589BD9F3}
	EndGlobalSection
EndGlobal
